
Microsoft Visual Studio Solution File, Format Version 12.00
# Visual Studio Version 16
VisualStudioVersion = 16.0.31702.278
MinimumVisualStudioVersion = 10.0.40219.1
Project("{FAE04EC0-301F-11D3-BF4B-00C04F79EFBC}") = "JogoDaVelha", "JogoDaVelha\JogoDaVelha.csproj", "{F199BBF4-2B1E-4641-B535-294A3DEC2A27}"
EndProject
Global
	GlobalSection(SolutionConfigurationPlatforms) = preSolution
		Debug|Any CPU = Debug|Any CPU
		Release|Any CPU = Release|Any CPU
	EndGlobalSection
	GlobalSection(ProjectConfigurationPlatforms) = postSolution
		{F199BBF4-2B1E-4641-B535-294A3DEC2A27}.Debug|Any CPU.ActiveCfg = Debug|Any CPU
		{F199BBF4-2B1E-4641-B535-294A3DEC2A27}.Debug|Any CPU.Build.0 = Debug|Any CPU
		{F199BBF4-2B1E-4641-B535-294A3DEC2A27}.Release|Any CPU.ActiveCfg = Release|Any CPU
		{F199BBF4-2B1E-4641-B535-294A3DEC2A27}.Release|Any CPU.Build.0 = Release|Any CPU
	EndGlobalSection
	GlobalSection(SolutionProperties) = preSolution
		HideSolutionNode = FALSE
	EndGlobalSection
	GlobalSection(ExtensibilityGlobals) = postSolution
		SolutionGuid = {FC08515C-ECDE-4D07-BBBE-4F152A31866C}
	EndGlobalSection
EndGlobal
